
Microsoft Visual Studio Solution File, Format Version 12.00
# Visual Studio Version 16
VisualStudioVersion = 16.0.810.10
MinimumVisualStudioVersion = 10.0.40219.1
Project("{FAE04EC0-301F-11D3-BF4B-00C04F79EFBC}") = "CSharpRestApi", "CSharpRestApi.csproj", "{E378117F-31D7-44EA-84F6-BAB94D0B6760}"
EndProject
Global
	GlobalSection(SolutionConfigurationPlatforms) = preSolution
		Debug|Any CPU = Debug|Any CPU
		Release|Any CPU = Release|Any CPU
	EndGlobalSection
	GlobalSection(ProjectConfigurationPlatforms) = postSolution
		{E378117F-31D7-44EA-84F6-BAB94D0B6760}.Debug|Any CPU.ActiveCfg = Debug|Any CPU
		{E378117F-31D7-44EA-84F6-BAB94D0B6760}.Debug|Any CPU.Build.0 = Debug|Any CPU
		{E378117F-31D7-44EA-84F6-BAB94D0B6760}.Release|Any CPU.ActiveCfg = Release|Any CPU
		{E378117F-31D7-44EA-84F6-BAB94D0B6760}.Release|Any CPU.Build.0 = Release|Any CPU
	EndGlobalSection
	GlobalSection(SolutionProperties) = preSolution
		HideSolutionNode = FALSE
	EndGlobalSection
	GlobalSection(ExtensibilityGlobals) = postSolution
		SolutionGuid = {1A0BEE79-0FB4-485C-935D-24A3F9E876E3}
	EndGlobalSection
EndGlobal
